
Microsoft Visual Studio Solution File, Format Version 12.00
# Visual Studio 15
VisualStudioVersion = 15.0.27428.2027
MinimumVisualStudioVersion = 10.0.40219.1
Project("{FAE04EC0-301F-11D3-BF4B-00C04F79EFBC}") = "HybridDb", "HybridDb\HybridDb.csproj", "{37560601-93A0-4D4D-8B18-73A5BF2C9BB1}"
EndProject
Project("{FAE04EC0-301F-11D3-BF4B-00C04F79EFBC}") = "HybridDb.Tests", "HybridDb.Tests\HybridDb.Tests.csproj", "{13139FD6-FD8B-476E-96E4-DDAD19AC8996}"
EndProject
Global
	GlobalSection(SolutionConfigurationPlatforms) = preSolution
		Debug|Any CPU = Debug|Any CPU
		Release|Any CPU = Release|Any CPU
	EndGlobalSection
	GlobalSection(ProjectConfigurationPlatforms) = postSolution
		{37560601-93A0-4D4D-8B18-73A5BF2C9BB1}.Debug|Any CPU.ActiveCfg = Debug|Any CPU
		{37560601-93A0-4D4D-8B18-73A5BF2C9BB1}.Debug|Any CPU.Build.0 = Debug|Any CPU
		{37560601-93A0-4D4D-8B18-73A5BF2C9BB1}.Release|Any CPU.ActiveCfg = Release|Any CPU
		{37560601-93A0-4D4D-8B18-73A5BF2C9BB1}.Release|Any CPU.Build.0 = Release|Any CPU
		{13139FD6-FD8B-476E-96E4-DDAD19AC8996}.Debug|Any CPU.ActiveCfg = Debug|Any CPU
		{13139FD6-FD8B-476E-96E4-DDAD19AC8996}.Debug|Any CPU.Build.0 = Debug|Any CPU
		{13139FD6-FD8B-476E-96E4-DDAD19AC8996}.Release|Any CPU.ActiveCfg = Release|Any CPU
		{13139FD6-FD8B-476E-96E4-DDAD19AC8996}.Release|Any CPU.Build.0 = Release|Any CPU
	EndGlobalSection
	GlobalSection(SolutionProperties) = preSolution
		HideSolutionNode = FALSE
	EndGlobalSection
	GlobalSection(ExtensibilityGlobals) = postSolution
		SolutionGuid = {12E8E10A-94FB-4A08-A7AE-D50C94634292}
	EndGlobalSection
EndGlobal
